
Microsoft Visual Studio Solution File, Format Version 12.00
# Visual Studio Version 17
VisualStudioVersion = 17.12.35527.113 d17.12
MinimumVisualStudioVersion = 10.0.40219.1
Project("{FAE04EC0-301F-11D3-BF4B-00C04F79EFBC}") = "Variaveis", "Variaveis\Variaveis.csproj", "{B0FB37E6-68A1-4627-82DA-CD45F3E1F6EB}"
EndProject
Project("{FAE04EC0-301F-11D3-BF4B-00C04F79EFBC}") = "ConvertendoValores", "..\..\ConvertendoValores\ConvertendoValores\ConvertendoValores.csproj", "{29E9E434-BE96-455F-9414-095A4E6D309F}"
EndProject
Project("{FAE04EC0-301F-11D3-BF4B-00C04F79EFBC}") = "Aticidade01", "..\..\Atividade01\Aticidade01\Aticidade01.csproj", "{53590F63-047A-443F-A280-882185721D18}"
EndProject
Project("{FAE04EC0-301F-11D3-BF4B-00C04F79EFBC}") = "OperadoresAritmeticos", "..\..\OpreradoresAritmeticos\OperadoresAritmeticos\OperadoresAritmeticos.csproj", "{A781AD0C-9681-4BA9-BE26-202A627D0571}"
EndProject
Global
	GlobalSection(SolutionConfigurationPlatforms) = preSolution
		Debug|Any CPU = Debug|Any CPU
		Release|Any CPU = Release|Any CPU
	EndGlobalSection
	GlobalSection(ProjectConfigurationPlatforms) = postSolution
		{B0FB37E6-68A1-4627-82DA-CD45F3E1F6EB}.Debug|Any CPU.ActiveCfg = Debug|Any CPU
		{B0FB37E6-68A1-4627-82DA-CD45F3E1F6EB}.Debug|Any CPU.Build.0 = Debug|Any CPU
		{B0FB37E6-68A1-4627-82DA-CD45F3E1F6EB}.Release|Any CPU.ActiveCfg = Release|Any CPU
		{B0FB37E6-68A1-4627-82DA-CD45F3E1F6EB}.Release|Any CPU.Build.0 = Release|Any CPU
		{29E9E434-BE96-455F-9414-095A4E6D309F}.Debug|Any CPU.ActiveCfg = Debug|Any CPU
		{29E9E434-BE96-455F-9414-095A4E6D309F}.Debug|Any CPU.Build.0 = Debug|Any CPU
		{29E9E434-BE96-455F-9414-095A4E6D309F}.Release|Any CPU.ActiveCfg = Release|Any CPU
		{29E9E434-BE96-455F-9414-095A4E6D309F}.Release|Any CPU.Build.0 = Release|Any CPU
		{53590F63-047A-443F-A280-882185721D18}.Debug|Any CPU.ActiveCfg = Debug|Any CPU
		{53590F63-047A-443F-A280-882185721D18}.Debug|Any CPU.Build.0 = Debug|Any CPU
		{53590F63-047A-443F-A280-882185721D18}.Release|Any CPU.ActiveCfg = Release|Any CPU
		{53590F63-047A-443F-A280-882185721D18}.Release|Any CPU.Build.0 = Release|Any CPU
		{A781AD0C-9681-4BA9-BE26-202A627D0571}.Debug|Any CPU.ActiveCfg = Debug|Any CPU
		{A781AD0C-9681-4BA9-BE26-202A627D0571}.Debug|Any CPU.Build.0 = Debug|Any CPU
		{A781AD0C-9681-4BA9-BE26-202A627D0571}.Release|Any CPU.ActiveCfg = Release|Any CPU
		{A781AD0C-9681-4BA9-BE26-202A627D0571}.Release|Any CPU.Build.0 = Release|Any CPU
	EndGlobalSection
	GlobalSection(SolutionProperties) = preSolution
		HideSolutionNode = FALSE
	EndGlobalSection
EndGlobal
